
Microsoft Visual Studio Solution File, Format Version 12.00
# Visual Studio Version 16
VisualStudioVersion = 16.0.31424.327
MinimumVisualStudioVersion = 10.0.40219.1
Project("{FAE04EC0-301F-11D3-BF4B-00C04F79EFBC}") = "ex1036", "ex1036\ex1036.csproj", "{6B1C0408-965F-4EC0-BF9D-C7AD0D186B15}"
EndProject
Global
	GlobalSection(SolutionConfigurationPlatforms) = preSolution
		Debug|Any CPU = Debug|Any CPU
		Release|Any CPU = Release|Any CPU
	EndGlobalSection
	GlobalSection(ProjectConfigurationPlatforms) = postSolution
		{6B1C0408-965F-4EC0-BF9D-C7AD0D186B15}.Debug|Any CPU.ActiveCfg = Debug|Any CPU
		{6B1C0408-965F-4EC0-BF9D-C7AD0D186B15}.Debug|Any CPU.Build.0 = Debug|Any CPU
		{6B1C0408-965F-4EC0-BF9D-C7AD0D186B15}.Release|Any CPU.ActiveCfg = Release|Any CPU
		{6B1C0408-965F-4EC0-BF9D-C7AD0D186B15}.Release|Any CPU.Build.0 = Release|Any CPU
	EndGlobalSection
	GlobalSection(SolutionProperties) = preSolution
		HideSolutionNode = FALSE
	EndGlobalSection
	GlobalSection(ExtensibilityGlobals) = postSolution
		SolutionGuid = {7EDEF079-7134-48AC-9F61-93174A24DAA4}
	EndGlobalSection
EndGlobal
