
Microsoft Visual Studio Solution File, Format Version 12.00
# Visual Studio Version 16
VisualStudioVersion = 16.0.31424.327
MinimumVisualStudioVersion = 10.0.40219.1
Project("{FAE04EC0-301F-11D3-BF4B-00C04F79EFBC}") = "ex1050", "ex1050\ex1050.csproj", "{9E66C57B-ABB5-4746-9025-3BA9AD3538DC}"
EndProject
Global
	GlobalSection(SolutionConfigurationPlatforms) = preSolution
		Debug|Any CPU = Debug|Any CPU
		Release|Any CPU = Release|Any CPU
	EndGlobalSection
	GlobalSection(ProjectConfigurationPlatforms) = postSolution
		{9E66C57B-ABB5-4746-9025-3BA9AD3538DC}.Debug|Any CPU.ActiveCfg = Debug|Any CPU
		{9E66C57B-ABB5-4746-9025-3BA9AD3538DC}.Debug|Any CPU.Build.0 = Debug|Any CPU
		{9E66C57B-ABB5-4746-9025-3BA9AD3538DC}.Release|Any CPU.ActiveCfg = Release|Any CPU
		{9E66C57B-ABB5-4746-9025-3BA9AD3538DC}.Release|Any CPU.Build.0 = Release|Any CPU
	EndGlobalSection
	GlobalSection(SolutionProperties) = preSolution
		HideSolutionNode = FALSE
	EndGlobalSection
	GlobalSection(ExtensibilityGlobals) = postSolution
		SolutionGuid = {5DDC8C1B-94EF-4511-B1AC-DDF5A3CCA3F9}
	EndGlobalSection
EndGlobal
