
Microsoft Visual Studio Solution File, Format Version 12.00
# Visual Studio Version 16
VisualStudioVersion = 16.0.31424.327
MinimumVisualStudioVersion = 10.0.40219.1
Project("{FAE04EC0-301F-11D3-BF4B-00C04F79EFBC}") = "ex1040", "ex1040\ex1040.csproj", "{8F12385B-02D8-4C7D-B381-B877A3C01568}"
EndProject
Global
	GlobalSection(SolutionConfigurationPlatforms) = preSolution
		Debug|Any CPU = Debug|Any CPU
		Release|Any CPU = Release|Any CPU
	EndGlobalSection
	GlobalSection(ProjectConfigurationPlatforms) = postSolution
		{8F12385B-02D8-4C7D-B381-B877A3C01568}.Debug|Any CPU.ActiveCfg = Debug|Any CPU
		{8F12385B-02D8-4C7D-B381-B877A3C01568}.Debug|Any CPU.Build.0 = Debug|Any CPU
		{8F12385B-02D8-4C7D-B381-B877A3C01568}.Release|Any CPU.ActiveCfg = Release|Any CPU
		{8F12385B-02D8-4C7D-B381-B877A3C01568}.Release|Any CPU.Build.0 = Release|Any CPU
	EndGlobalSection
	GlobalSection(SolutionProperties) = preSolution
		HideSolutionNode = FALSE
	EndGlobalSection
	GlobalSection(ExtensibilityGlobals) = postSolution
		SolutionGuid = {F8BF4AA9-D713-456E-BDE7-AAB32B4E5769}
	EndGlobalSection
EndGlobal
