
Microsoft Visual Studio Solution File, Format Version 12.00
# Visual Studio Version 16
VisualStudioVersion = 16.0.31424.327
MinimumVisualStudioVersion = 10.0.40219.1
Project("{FAE04EC0-301F-11D3-BF4B-00C04F79EFBC}") = "ex1021", "ex1021\ex1021.csproj", "{4D71317A-2C4B-4431-A1DE-DF552E883058}"
EndProject
Global
	GlobalSection(SolutionConfigurationPlatforms) = preSolution
		Debug|Any CPU = Debug|Any CPU
		Release|Any CPU = Release|Any CPU
	EndGlobalSection
	GlobalSection(ProjectConfigurationPlatforms) = postSolution
		{4D71317A-2C4B-4431-A1DE-DF552E883058}.Debug|Any CPU.ActiveCfg = Debug|Any CPU
		{4D71317A-2C4B-4431-A1DE-DF552E883058}.Debug|Any CPU.Build.0 = Debug|Any CPU
		{4D71317A-2C4B-4431-A1DE-DF552E883058}.Release|Any CPU.ActiveCfg = Release|Any CPU
		{4D71317A-2C4B-4431-A1DE-DF552E883058}.Release|Any CPU.Build.0 = Release|Any CPU
	EndGlobalSection
	GlobalSection(SolutionProperties) = preSolution
		HideSolutionNode = FALSE
	EndGlobalSection
	GlobalSection(ExtensibilityGlobals) = postSolution
		SolutionGuid = {3B136F74-0245-411E-BA0A-8D1A033A686B}
	EndGlobalSection
EndGlobal
