
Microsoft Visual Studio Solution File, Format Version 12.00
# Visual Studio Version 16
VisualStudioVersion = 16.0.31424.327
MinimumVisualStudioVersion = 10.0.40219.1
Project("{FAE04EC0-301F-11D3-BF4B-00C04F79EFBC}") = "ex1016", "ex1016\ex1016.csproj", "{1397DB90-7906-492A-BCD7-2C8B93E4A8D8}"
EndProject
Global
	GlobalSection(SolutionConfigurationPlatforms) = preSolution
		Debug|Any CPU = Debug|Any CPU
		Release|Any CPU = Release|Any CPU
	EndGlobalSection
	GlobalSection(ProjectConfigurationPlatforms) = postSolution
		{1397DB90-7906-492A-BCD7-2C8B93E4A8D8}.Debug|Any CPU.ActiveCfg = Debug|Any CPU
		{1397DB90-7906-492A-BCD7-2C8B93E4A8D8}.Debug|Any CPU.Build.0 = Debug|Any CPU
		{1397DB90-7906-492A-BCD7-2C8B93E4A8D8}.Release|Any CPU.ActiveCfg = Release|Any CPU
		{1397DB90-7906-492A-BCD7-2C8B93E4A8D8}.Release|Any CPU.Build.0 = Release|Any CPU
	EndGlobalSection
	GlobalSection(SolutionProperties) = preSolution
		HideSolutionNode = FALSE
	EndGlobalSection
	GlobalSection(ExtensibilityGlobals) = postSolution
		SolutionGuid = {F1B3967E-D8AF-4EDA-90C6-FB0216E96C3B}
	EndGlobalSection
EndGlobal
