
Microsoft Visual Studio Solution File, Format Version 12.00
# Visual Studio Version 16
VisualStudioVersion = 16.0.31424.327
MinimumVisualStudioVersion = 10.0.40219.1
Project("{FAE04EC0-301F-11D3-BF4B-00C04F79EFBC}") = "ex1046", "ex1046\ex1046.csproj", "{95970B40-0C09-4CF0-B7AA-932FE4BF7DF7}"
EndProject
Global
	GlobalSection(SolutionConfigurationPlatforms) = preSolution
		Debug|Any CPU = Debug|Any CPU
		Release|Any CPU = Release|Any CPU
	EndGlobalSection
	GlobalSection(ProjectConfigurationPlatforms) = postSolution
		{95970B40-0C09-4CF0-B7AA-932FE4BF7DF7}.Debug|Any CPU.ActiveCfg = Debug|Any CPU
		{95970B40-0C09-4CF0-B7AA-932FE4BF7DF7}.Debug|Any CPU.Build.0 = Debug|Any CPU
		{95970B40-0C09-4CF0-B7AA-932FE4BF7DF7}.Release|Any CPU.ActiveCfg = Release|Any CPU
		{95970B40-0C09-4CF0-B7AA-932FE4BF7DF7}.Release|Any CPU.Build.0 = Release|Any CPU
	EndGlobalSection
	GlobalSection(SolutionProperties) = preSolution
		HideSolutionNode = FALSE
	EndGlobalSection
	GlobalSection(ExtensibilityGlobals) = postSolution
		SolutionGuid = {84C05A1A-8811-4981-9553-F40D4EAE129A}
	EndGlobalSection
EndGlobal
