
Microsoft Visual Studio Solution File, Format Version 12.00
# Visual Studio Version 16
VisualStudioVersion = 16.0.31424.327
MinimumVisualStudioVersion = 10.0.40219.1
Project("{FAE04EC0-301F-11D3-BF4B-00C04F79EFBC}") = "ex1061", "ex1061\ex1061.csproj", "{24C86C8F-4A2A-48C4-BD8C-FD6B3DC3981F}"
EndProject
Project("{FAE04EC0-301F-11D3-BF4B-00C04F79EFBC}") = "ex1064", "..\ex1064\ex1064\ex1064.csproj", "{B3CB47A7-BE6F-4F78-85A5-250B30449DD4}"
EndProject
Global
	GlobalSection(SolutionConfigurationPlatforms) = preSolution
		Debug|Any CPU = Debug|Any CPU
		Release|Any CPU = Release|Any CPU
	EndGlobalSection
	GlobalSection(ProjectConfigurationPlatforms) = postSolution
		{24C86C8F-4A2A-48C4-BD8C-FD6B3DC3981F}.Debug|Any CPU.ActiveCfg = Debug|Any CPU
		{24C86C8F-4A2A-48C4-BD8C-FD6B3DC3981F}.Debug|Any CPU.Build.0 = Debug|Any CPU
		{24C86C8F-4A2A-48C4-BD8C-FD6B3DC3981F}.Release|Any CPU.ActiveCfg = Release|Any CPU
		{24C86C8F-4A2A-48C4-BD8C-FD6B3DC3981F}.Release|Any CPU.Build.0 = Release|Any CPU
		{B3CB47A7-BE6F-4F78-85A5-250B30449DD4}.Debug|Any CPU.ActiveCfg = Debug|Any CPU
		{B3CB47A7-BE6F-4F78-85A5-250B30449DD4}.Debug|Any CPU.Build.0 = Debug|Any CPU
		{B3CB47A7-BE6F-4F78-85A5-250B30449DD4}.Release|Any CPU.ActiveCfg = Release|Any CPU
		{B3CB47A7-BE6F-4F78-85A5-250B30449DD4}.Release|Any CPU.Build.0 = Release|Any CPU
	EndGlobalSection
	GlobalSection(SolutionProperties) = preSolution
		HideSolutionNode = FALSE
	EndGlobalSection
	GlobalSection(ExtensibilityGlobals) = postSolution
		SolutionGuid = {B99EB4DF-F26C-479F-A11C-3A0F9586E109}
	EndGlobalSection
EndGlobal
